
Microsoft Visual Studio Solution File, Format Version 12.00
# Visual Studio Version 16
VisualStudioVersion = 16.0.30523.141
MinimumVisualStudioVersion = 10.0.40219.1
Project("{FAE04EC0-301F-11D3-BF4B-00C04F79EFBC}") = "apistreamwritter", "apistreamwritter\apistreamwritter.csproj", "{32C13280-3E44-4425-B75E-F440008D8AC9}"
EndProject
Global
	GlobalSection(SolutionConfigurationPlatforms) = preSolution
		Debug|Any CPU = Debug|Any CPU
		Release|Any CPU = Release|Any CPU
	EndGlobalSection
	GlobalSection(ProjectConfigurationPlatforms) = postSolution
		{32C13280-3E44-4425-B75E-F440008D8AC9}.Debug|Any CPU.ActiveCfg = Debug|Any CPU
		{32C13280-3E44-4425-B75E-F440008D8AC9}.Debug|Any CPU.Build.0 = Debug|Any CPU
		{32C13280-3E44-4425-B75E-F440008D8AC9}.Release|Any CPU.ActiveCfg = Release|Any CPU
		{32C13280-3E44-4425-B75E-F440008D8AC9}.Release|Any CPU.Build.0 = Release|Any CPU
	EndGlobalSection
	GlobalSection(SolutionProperties) = preSolution
		HideSolutionNode = FALSE
	EndGlobalSection
	GlobalSection(ExtensibilityGlobals) = postSolution
		SolutionGuid = {CA827941-56C7-42DF-900C-E0D1991B6877}
	EndGlobalSection
EndGlobal
